
Microsoft Visual Studio Solution File, Format Version 12.00
# Visual Studio 15
VisualStudioVersion = 15.0.27130.2010
MinimumVisualStudioVersion = 10.0.40219.1
Project("{FAE04EC0-301F-11D3-BF4B-00C04F79EFBC}") = "EmotionMarketing", "SplitVideo\EmotionMarketing.csproj", "{90A0EB1B-8A90-4DF7-8BD7-AA8F8D90543E}"
EndProject
Project("{FAE04EC0-301F-11D3-BF4B-00C04F79EFBC}") = "EmotionMarketing.Data", "EmotionMarketing.Domain\EmotionMarketing.Data.csproj", "{CC1DFB3D-FA8A-4836-BEA0-C7C50D814D3D}"
EndProject
Project("{FAE04EC0-301F-11D3-BF4B-00C04F79EFBC}") = "EmotionMarketing.Logic", "EmotionMarketing.Logic\EmotionMarketing.Logic.csproj", "{7A004398-3BE3-41A1-8AC3-DF7B8DA986CD}"
EndProject
Global
	GlobalSection(SolutionConfigurationPlatforms) = preSolution
		Debug|Any CPU = Debug|Any CPU
		Release|Any CPU = Release|Any CPU
	EndGlobalSection
	GlobalSection(ProjectConfigurationPlatforms) = postSolution
		{90A0EB1B-8A90-4DF7-8BD7-AA8F8D90543E}.Debug|Any CPU.ActiveCfg = Debug|Any CPU
		{90A0EB1B-8A90-4DF7-8BD7-AA8F8D90543E}.Debug|Any CPU.Build.0 = Debug|Any CPU
		{90A0EB1B-8A90-4DF7-8BD7-AA8F8D90543E}.Release|Any CPU.ActiveCfg = Release|Any CPU
		{90A0EB1B-8A90-4DF7-8BD7-AA8F8D90543E}.Release|Any CPU.Build.0 = Release|Any CPU
		{CC1DFB3D-FA8A-4836-BEA0-C7C50D814D3D}.Debug|Any CPU.ActiveCfg = Debug|Any CPU
		{CC1DFB3D-FA8A-4836-BEA0-C7C50D814D3D}.Debug|Any CPU.Build.0 = Debug|Any CPU
		{CC1DFB3D-FA8A-4836-BEA0-C7C50D814D3D}.Release|Any CPU.ActiveCfg = Release|Any CPU
		{CC1DFB3D-FA8A-4836-BEA0-C7C50D814D3D}.Release|Any CPU.Build.0 = Release|Any CPU
		{7A004398-3BE3-41A1-8AC3-DF7B8DA986CD}.Debug|Any CPU.ActiveCfg = Debug|Any CPU
		{7A004398-3BE3-41A1-8AC3-DF7B8DA986CD}.Debug|Any CPU.Build.0 = Debug|Any CPU
		{7A004398-3BE3-41A1-8AC3-DF7B8DA986CD}.Release|Any CPU.ActiveCfg = Release|Any CPU
		{7A004398-3BE3-41A1-8AC3-DF7B8DA986CD}.Release|Any CPU.Build.0 = Release|Any CPU
	EndGlobalSection
	GlobalSection(SolutionProperties) = preSolution
		HideSolutionNode = FALSE
	EndGlobalSection
	GlobalSection(ExtensibilityGlobals) = postSolution
		SolutionGuid = {BAEAC740-8165-4B4D-9A6E-59E9E1E4BF7D}
	EndGlobalSection
EndGlobal
